// !$*UTF8*$!
{
	archiveVersion = 1;
	classes = {
	};
	objectVersion = 50;
	objects = {

/* Begin PBXBuildFile section */
		09533BF02104F41D00E1371B /* AppDelegate.m in Sources */ = {isa = PBXBuildFile; fileRef = 09533BEF2104F41D00E1371B /* AppDelegate.m */; };
		09533BF32104F41D00E1371B /* ViewController.m in Sources */ = {isa = PBXBuildFile; fileRef = 09533BF22104F41D00E1371B /* ViewController.m */; };
		09533BF52104F41E00E1371B /* Assets.xcassets in Resources */ = {isa = PBXBuildFile; fileRef = 09533BF42104F41E00E1371B /* Assets.xcassets */; };
		09533BF82104F41E00E1371B /* Main.storyboard in Resources */ = {isa = PBXBuildFile; fileRef = 09533BF62104F41E00E1371B /* Main.storyboard */; };
		09533BFB2104F41E00E1371B /* main.m in Sources */ = {isa = PBXBuildFile; fileRef = 09533BFA2104F41E00E1371B /* main.m */; };
		09904E5B210B9B8100C980E5 /* ServerThread.m in Sources */ = {isa = PBXBuildFile; fileRef = 09904E5A210B9B8100C980E5 /* ServerThread.m */; };
		09904E5F210B9C8800C980E5 /* SocketConnectionService.m in Sources */ = {isa = PBXBuildFile; fileRef = 09904E5E210B9C8800C980E5 /* SocketConnectionService.m */; };
		09C16ED8210E395000D166EB /* NSError+Extension.swift in Sources */ = {isa = PBXBuildFile; fileRef = 09C16ED6210E395000D166EB /* NSError+Extension.swift */; };
		09C16EDC210E482600D166EB /* DateFormatter+Extensions.swift in Sources */ = {isa = PBXBuildFile; fileRef = 09C16EDA210E482600D166EB /* DateFormatter+Extensions.swift */; };
		09EB39F7210DDFB800BB299B /* NSViewController+Extensions.swift in Sources */ = {isa = PBXBuildFile; fileRef = 09EB39F6210DDFB800BB299B /* NSViewController+Extensions.swift */; };
		09EB39FC210DE2D300BB299B /* NSTextView+Extensions.swift in Sources */ = {isa = PBXBuildFile; fileRef = 09EB39FA210DE2D300BB299B /* NSTextView+Extensions.swift */; };
/* End PBXBuildFile section */

/* Begin PBXFileReference section */
		09533BEB2104F41D00E1371B /* TestServer.app */ = {isa = PBXFileReference; explicitFileType = wrapper.application; includeInIndex = 0; path = TestServer.app; sourceTree = BUILT_PRODUCTS_DIR; };
		09533BEE2104F41D00E1371B /* AppDelegate.h */ = {isa = PBXFileReference; lastKnownFileType = sourcecode.c.h; path = AppDelegate.h; sourceTree = "<group>"; };
		09533BEF2104F41D00E1371B /* AppDelegate.m */ = {isa = PBXFileReference; lastKnownFileType = sourcecode.c.objc; path = AppDelegate.m; sourceTree = "<group>"; };
		09533BF12104F41D00E1371B /* ViewController.h */ = {isa = PBXFileReference; lastKnownFileType = sourcecode.c.h; path = ViewController.h; sourceTree = "<group>"; };
		09533BF22104F41D00E1371B /* ViewController.m */ = {isa = PBXFileReference; lastKnownFileType = sourcecode.c.objc; path = ViewController.m; sourceTree = "<group>"; };
		09533BF42104F41E00E1371B /* Assets.xcassets */ = {isa = PBXFileReference; lastKnownFileType = folder.assetcatalog; path = Assets.xcassets; sourceTree = "<group>"; };
		09533BF72104F41E00E1371B /* Base */ = {isa = PBXFileReference; lastKnownFileType = file.storyboard; name = Base; path = Base.lproj/Main.storyboard; sourceTree = "<group>"; };
		09533BF92104F41E00E1371B /* Info.plist */ = {isa = PBXFileReference; lastKnownFileType = text.plist.xml; path = Info.plist; sourceTree = "<group>"; };
		09533BFA2104F41E00E1371B /* main.m */ = {isa = PBXFileReference; lastKnownFileType = sourcecode.c.objc; path = main.m; sourceTree = "<group>"; };
		09533BFC2104F41E00E1371B /* TestServer.entitlements */ = {isa = PBXFileReference; lastKnownFileType = text.plist.entitlements; path = TestServer.entitlements; sourceTree = "<group>"; };
		09904E59210B9B8100C980E5 /* ServerThread.h */ = {isa = PBXFileReference; lastKnownFileType = sourcecode.c.h; path = ServerThread.h; sourceTree = "<group>"; };
		09904E5A210B9B8100C980E5 /* ServerThread.m */ = {isa = PBXFileReference; lastKnownFileType = sourcecode.c.objc; path = ServerThread.m; sourceTree = "<group>"; };
		09904E5D210B9C8800C980E5 /* SocketConnectionService.h */ = {isa = PBXFileReference; lastKnownFileType = sourcecode.c.h; path = SocketConnectionService.h; sourceTree = "<group>"; };
		09904E5E210B9C8800C980E5 /* SocketConnectionService.m */ = {isa = PBXFileReference; lastKnownFileType = sourcecode.c.objc; path = SocketConnectionService.m; sourceTree = "<group>"; };
		09C16ED6210E395000D166EB /* NSError+Extension.swift */ = {isa = PBXFileReference; lastKnownFileType = sourcecode.swift; path = "NSError+Extension.swift"; sourceTree = "<group>"; };
		09C16EDA210E482600D166EB /* DateFormatter+Extensions.swift */ = {isa = PBXFileReference; lastKnownFileType = sourcecode.swift; path = "DateFormatter+Extensions.swift"; sourceTree = "<group>"; };
		09EB39F6210DDFB800BB299B /* NSViewController+Extensions.swift */ = {isa = PBXFileReference; lastKnownFileType = sourcecode.swift; path = "NSViewController+Extensions.swift"; sourceTree = "<group>"; };
		09EB39F9210DE07E00BB299B /* TestServer-Bridging-Header.h */ = {isa = PBXFileReference; lastKnownFileType = sourcecode.c.h; path = "TestServer-Bridging-Header.h"; sourceTree = "<group>"; };
		09EB39FA210DE2D300BB299B /* NSTextView+Extensions.swift */ = {isa = PBXFileReference; lastKnownFileType = sourcecode.swift; path = "NSTextView+Extensions.swift"; sourceTree = "<group>"; };
/* End PBXFileReference section */

/* Begin PBXFrameworksBuildPhase section */
		09533BE82104F41D00E1371B /* Frameworks */ = {
			isa = PBXFrameworksBuildPhase;
			buildActionMask = 2147483647;
			files = (
			);
			runOnlyForDeploymentPostprocessing = 0;
		};
/* End PBXFrameworksBuildPhase section */

/* Begin PBXGroup section */
		09533BE22104F41D00E1371B = {
			isa = PBXGroup;
			children = (
				09533BED2104F41D00E1371B /* TestServer */,
				09533BEC2104F41D00E1371B /* Products */,
			);
			sourceTree = "<group>";
		};
		09533BEC2104F41D00E1371B /* Products */ = {
			isa = PBXGroup;
			children = (
				09533BEB2104F41D00E1371B /* TestServer.app */,
			);
			name = Products;
			sourceTree = "<group>";
		};
		09533BED2104F41D00E1371B /* TestServer */ = {
			isa = PBXGroup;
			children = (
				09533BF92104F41E00E1371B /* Info.plist */,
				09533BFA2104F41E00E1371B /* main.m */,
				09533BFC2104F41E00E1371B /* TestServer.entitlements */,
				09EB39EC210DDD9B00BB299B /* App */,
				09EB39EF210DDE2600BB299B /* Library */,
				09EB39ED210DDE0F00BB299B /* Controllers */,
			);
			path = TestServer;
			sourceTree = "<group>";
		};
		09904E57210B9B2E00C980E5 /* Server */ = {
			isa = PBXGroup;
			children = (
				09904E58210B9B3600C980E5 /* ServerThread */,
				09904E5C210B9C7500C980E5 /* SocketConnectionService */,
			);
			path = Server;
			sourceTree = "<group>";
		};
		09904E58210B9B3600C980E5 /* ServerThread */ = {
			isa = PBXGroup;
			children = (
				09904E59210B9B8100C980E5 /* ServerThread.h */,
				09904E5A210B9B8100C980E5 /* ServerThread.m */,
			);
			path = ServerThread;
			sourceTree = "<group>";
		};
		09904E5C210B9C7500C980E5 /* SocketConnectionService */ = {
			isa = PBXGroup;
			children = (
				09904E5D210B9C8800C980E5 /* SocketConnectionService.h */,
				09904E5E210B9C8800C980E5 /* SocketConnectionService.m */,
			);
			path = SocketConnectionService;
			sourceTree = "<group>";
		};
		09EB39EC210DDD9B00BB299B /* App */ = {
			isa = PBXGroup;
			children = (
				09533BEE2104F41D00E1371B /* AppDelegate.h */,
				09533BEF2104F41D00E1371B /* AppDelegate.m */,
			);
			path = App;
			sourceTree = "<group>";
		};
		09EB39ED210DDE0F00BB299B /* Controllers */ = {
			isa = PBXGroup;
			children = (
				09533BF62104F41E00E1371B /* Main.storyboard */,
				09EB39EE210DDE1500BB299B /* MainLog */,
			);
			path = Controllers;
			sourceTree = "<group>";
		};
		09EB39EE210DDE1500BB299B /* MainLog */ = {
			isa = PBXGroup;
			children = (
				09533BF12104F41D00E1371B /* ViewController.h */,
				09533BF22104F41D00E1371B /* ViewController.m */,
			);
			path = MainLog;
			sourceTree = "<group>";
		};
		09EB39EF210DDE2600BB299B /* Library */ = {
			isa = PBXGroup;
			children = (
				09EB39F0210DDE6B00BB299B /* Extensions */,
				09904E57210B9B2E00C980E5 /* Server */,
				09533BF42104F41E00E1371B /* Assets.xcassets */,
			);
			path = Library;
			sourceTree = "<group>";
		};
		09EB39F0210DDE6B00BB299B /* Extensions */ = {
			isa = PBXGroup;
			children = (
				09EB39F9210DE07E00BB299B /* TestServer-Bridging-Header.h */,
				09EB39F6210DDFB800BB299B /* NSViewController+Extensions.swift */,
				09EB39FA210DE2D300BB299B /* NSTextView+Extensions.swift */,
				09C16ED6210E395000D166EB /* NSError+Extension.swift */,
				09C16EDA210E482600D166EB /* DateFormatter+Extensions.swift */,
			);
			path = Extensions;
			sourceTree = "<group>";
		};
/* End PBXGroup section */

/* Begin PBXNativeTarget section */
		09533BEA2104F41D00E1371B /* TestServer */ = {
			isa = PBXNativeTarget;
			buildConfigurationList = 09533BFF2104F41E00E1371B /* Build configuration list for PBXNativeTarget "TestServer" */;
			buildPhases = (
				09533BE72104F41D00E1371B /* Sources */,
				09533BE82104F41D00E1371B /* Frameworks */,
				09533BE92104F41D00E1371B /* Resources */,
			);
			buildRules = (
			);
			dependencies = (
			);
			name = TestServer;
			productName = TestServer;
			productReference = 09533BEB2104F41D00E1371B /* TestServer.app */;
			productType = "com.apple.product-type.application";
		};
/* End PBXNativeTarget section */

/* Begin PBXProject section */
		09533BE32104F41D00E1371B /* Project object */ = {
			isa = PBXProject;
			attributes = {
				LastUpgradeCheck = 0940;
				ORGANIZATIONNAME = babyorg;
				TargetAttributes = {
					09533BEA2104F41D00E1371B = {
						CreatedOnToolsVersion = 9.4.1;
						LastSwiftMigration = 0940;
						SystemCapabilities = {
							com.apple.Sandbox = {
								enabled = 1;
							};
						};
					};
				};
			};
			buildConfigurationList = 09533BE62104F41D00E1371B /* Build configuration list for PBXProject "TestServer" */;
			compatibilityVersion = "Xcode 9.3";
			developmentRegion = en;
			hasScannedForEncodings = 0;
			knownRegions = (
				en,
				Base,
			);
			mainGroup = 09533BE22104F41D00E1371B;
			productRefGroup = 09533BEC2104F41D00E1371B /* Products */;
			projectDirPath = "";
			projectRoot = "";
			targets = (
				09533BEA2104F41D00E1371B /* TestServer */,
			);
		};
/* End PBXProject section */

/* Begin PBXResourcesBuildPhase section */
		09533BE92104F41D00E1371B /* Resources */ = {
			isa = PBXResourcesBuildPhase;
			buildActionMask = 2147483647;
			files = (
				09533BF52104F41E00E1371B /* Assets.xcassets in Resources */,
				09533BF82104F41E00E1371B /* Main.storyboard in Resources */,
			);
			runOnlyForDeploymentPostprocessing = 0;
		};
/* End PBXResourcesBuildPhase section */

/* Begin PBXSourcesBuildPhase section */
		09533BE72104F41D00E1371B /* Sources */ = {
			isa = PBXSourcesBuildPhase;
			buildActionMask = 2147483647;
			files = (
				09904E5B210B9B8100C980E5 /* ServerThread.m in Sources */,
				09EB39FC210DE2D300BB299B /* NSTextView+Extensions.swift in Sources */,
				09533BF32104F41D00E1371B /* ViewController.m in Sources */,
				09533BFB2104F41E00E1371B /* main.m in Sources */,
				09EB39F7210DDFB800BB299B /* NSViewController+Extensions.swift in Sources */,
				09C16ED8210E395000D166EB /* NSError+Extension.swift in Sources */,
				09904E5F210B9C8800C980E5 /* SocketConnectionService.m in Sources */,
				09533BF02104F41D00E1371B /* AppDelegate.m in Sources */,
				09C16EDC210E482600D166EB /* DateFormatter+Extensions.swift in Sources */,
			);
			runOnlyForDeploymentPostprocessing = 0;
		};
/* End PBXSourcesBuildPhase section */

/* Begin PBXVariantGroup section */
		09533BF62104F41E00E1371B /* Main.storyboard */ = {
			isa = PBXVariantGroup;
			children = (
				09533BF72104F41E00E1371B /* Base */,
			);
			name = Main.storyboard;
			sourceTree = "<group>";
		};
/* End PBXVariantGroup section */

/* Begin XCBuildConfiguration section */
		09533BFD2104F41E00E1371B /* Debug */ = {
			isa = XCBuildConfiguration;
			buildSettings = {
				ALWAYS_SEARCH_USER_PATHS = NO;
				CLANG_ANALYZER_NONNULL = YES;
				CLANG_ANALYZER_NUMBER_OBJECT_CONVERSION = YES_AGGRESSIVE;
				CLANG_CXX_LANGUAGE_STANDARD = "gnu++14";
				CLANG_CXX_LIBRARY = "libc++";
				CLANG_ENABLE_MODULES = YES;
				CLANG_ENABLE_OBJC_ARC = YES;
				CLANG_ENABLE_OBJC_WEAK = YES;
				CLANG_WARN_BLOCK_CAPTURE_AUTORELEASING = YES;
				CLANG_WARN_BOOL_CONVERSION = YES;
				CLANG_WARN_COMMA = YES;
				CLANG_WARN_CONSTANT_CONVERSION = YES;
				CLANG_WARN_DEPRECATED_OBJC_IMPLEMENTATIONS = YES;
				CLANG_WARN_DIRECT_OBJC_ISA_USAGE = YES_ERROR;
				CLANG_WARN_DOCUMENTATION_COMMENTS = YES;
				CLANG_WARN_EMPTY_BODY = YES;
				CLANG_WARN_ENUM_CONVERSION = YES;
				CLANG_WARN_INFINITE_RECURSION = YES;
				CLANG_WARN_INT_CONVERSION = YES;
				CLANG_WARN_NON_LITERAL_NULL_CONVERSION = YES;
				CLANG_WARN_OBJC_IMPLICIT_RETAIN_SELF = YES;
				CLANG_WARN_OBJC_LITERAL_CONVERSION = YES;
				CLANG_WARN_OBJC_ROOT_CLASS = YES_ERROR;
				CLANG_WARN_RANGE_LOOP_ANALYSIS = YES;
				CLANG_WARN_STRICT_PROTOTYPES = YES;
				CLANG_WARN_SUSPICIOUS_MOVE = YES;
				CLANG_WARN_UNGUARDED_AVAILABILITY = YES_AGGRESSIVE;
				CLANG_WARN_UNREACHABLE_CODE = YES;
				CLANG_WARN__DUPLICATE_METHOD_MATCH = YES;
				CODE_SIGN_IDENTITY = "-";
				COPY_PHASE_STRIP = NO;
				DEBUG_INFORMATION_FORMAT = dwarf;
				ENABLE_STRICT_OBJC_MSGSEND = YES;
				ENABLE_TESTABILITY = YES;
				GCC_C_LANGUAGE_STANDARD = gnu11;
				GCC_DYNAMIC_NO_PIC = NO;
				GCC_NO_COMMON_BLOCKS = YES;
				GCC_OPTIMIZATION_LEVEL = 0;
				GCC_PREPROCESSOR_DEFINITIONS = (
					"DEBUG=1",
					"$(inherited)",
				);
				GCC_WARN_64_TO_32_BIT_CONVERSION = YES;
				GCC_WARN_ABOUT_RETURN_TYPE = YES_ERROR;
				GCC_WARN_UNDECLARED_SELECTOR = YES;
				GCC_WARN_UNINITIALIZED_AUTOS = YES_AGGRESSIVE;
				GCC_WARN_UNUSED_FUNCTION = YES;
				GCC_WARN_UNUSED_VARIABLE = YES;
				MACOSX_DEPLOYMENT_TARGET = 10.13;
				MTL_ENABLE_DEBUG_INFO = YES;
				ONLY_ACTIVE_ARCH = YES;
				SDKROOT = macosx;
			};
			name = Debug;
		};
		09533BFE2104F41E00E1371B /* Release */ = {
			isa = XCBuildConfiguration;
			buildSettings = {
				ALWAYS_SEARCH_USER_PATHS = NO;
				CLANG_ANALYZER_NONNULL = YES;
				CLANG_ANALYZER_NUMBER_OBJECT_CONVERSION = YES_AGGRESSIVE;
				CLANG_CXX_LANGUAGE_STANDARD = "gnu++14";
				CLANG_CXX_LIBRARY = "libc++";
				CLANG_ENABLE_MODULES = YES;
				CLANG_ENABLE_OBJC_ARC = YES;
				CLANG_ENABLE_OBJC_WEAK = YES;
				CLANG_WARN_BLOCK_CAPTURE_AUTORELEASING = YES;
				CLANG_WARN_BOOL_CONVERSION = YES;
				CLANG_WARN_COMMA = YES;
				CLANG_WARN_CONSTANT_CONVERSION = YES;
				CLANG_WARN_DEPRECATED_OBJC_IMPLEMENTATIONS = YES;
				CLANG_WARN_DIRECT_OBJC_ISA_USAGE = YES_ERROR;
				CLANG_WARN_DOCUMENTATION_COMMENTS = YES;
				CLANG_WARN_EMPTY_BODY = YES;
				CLANG_WARN_ENUM_CONVERSION = YES;
				CLANG_WARN_INFINITE_RECURSION = YES;
				CLANG_WARN_INT_CONVERSION = YES;
				CLANG_WARN_NON_LITERAL_NULL_CONVERSION = YES;
				CLANG_WARN_OBJC_IMPLICIT_RETAIN_SELF = YES;
				CLANG_WARN_OBJC_LITERAL_CONVERSION = YES;
				CLANG_WARN_OBJC_ROOT_CLASS = YES_ERROR;
				CLANG_WARN_RANGE_LOOP_ANALYSIS = YES;
				CLANG_WARN_STRICT_PROTOTYPES = YES;
				CLANG_WARN_SUSPICIOUS_MOVE = YES;
				CLANG_WARN_UNGUARDED_AVAILABILITY = YES_AGGRESSIVE;
				CLANG_WARN_UNREACHABLE_CODE = YES;
				CLANG_WARN__DUPLICATE_METHOD_MATCH = YES;
				CODE_SIGN_IDENTITY = "-";
				COPY_PHASE_STRIP = NO;
				DEBUG_INFORMATION_FORMAT = "dwarf-with-dsym";
				ENABLE_NS_ASSERTIONS = NO;
				ENABLE_STRICT_OBJC_MSGSEND = YES;
				GCC_C_LANGUAGE_STANDARD = gnu11;
				GCC_NO_COMMON_BLOCKS = YES;
				GCC_WARN_64_TO_32_BIT_CONVERSION = YES;
				GCC_WARN_ABOUT_RETURN_TYPE = YES_ERROR;
				GCC_WARN_UNDECLARED_SELECTOR = YES;
				GCC_WARN_UNINITIALIZED_AUTOS = YES_AGGRESSIVE;
				GCC_WARN_UNUSED_FUNCTION = YES;
				GCC_WARN_UNUSED_VARIABLE = YES;
				MACOSX_DEPLOYMENT_TARGET = 10.13;
				MTL_ENABLE_DEBUG_INFO = NO;
				SDKROOT = macosx;
			};
			name = Release;
		};
		09533C002104F41E00E1371B /* Debug */ = {
			isa = XCBuildConfiguration;
			buildSettings = {
				ASSETCATALOG_COMPILER_APPICON_NAME = AppIcon;
				CLANG_ENABLE_MODULES = YES;
				CODE_SIGN_ENTITLEMENTS = TestServer/TestServer.entitlements;
				CODE_SIGN_STYLE = Automatic;
				COMBINE_HIDPI_IMAGES = YES;
				INFOPLIST_FILE = TestServer/Info.plist;
				LD_RUNPATH_SEARCH_PATHS = (
					"$(inherited)",
					"@executable_path/../Frameworks",
				);
				PRODUCT_BUNDLE_IDENTIFIER = com.baby.TestServer;
				PRODUCT_NAME = "$(TARGET_NAME)";
				SWIFT_OBJC_BRIDGING_HEADER = "TestServer/Library/Extensions/TestServer-Bridging-Header.h";
				SWIFT_OPTIMIZATION_LEVEL = "-Onone";
				SWIFT_VERSION = 3.0;
			};
			name = Debug;
		};
		09533C012104F41E00E1371B /* Release */ = {
			isa = XCBuildConfiguration;
			buildSettings = {
				ASSETCATALOG_COMPILER_APPICON_NAME = AppIcon;
				CLANG_ENABLE_MODULES = YES;
				CODE_SIGN_ENTITLEMENTS = TestServer/TestServer.entitlements;
				CODE_SIGN_STYLE = Automatic;
				COMBINE_HIDPI_IMAGES = YES;
				INFOPLIST_FILE = TestServer/Info.plist;
				LD_RUNPATH_SEARCH_PATHS = (
					"$(inherited)",
					"@executable_path/../Frameworks",
				);
				PRODUCT_BUNDLE_IDENTIFIER = com.baby.TestServer;
				PRODUCT_NAME = "$(TARGET_NAME)";
				SWIFT_OBJC_BRIDGING_HEADER = "TestServer/Library/Extensions/TestServer-Bridging-Header.h";
				SWIFT_VERSION = 3.0;
			};
			name = Release;
		};
/* End XCBuildConfiguration section */

/* Begin XCConfigurationList section */
		09533BE62104F41D00E1371B /* Build configuration list for PBXProject "TestServer" */ = {
			isa = XCConfigurationList;
			buildConfigurations = (
				09533BFD2104F41E00E1371B /* Debug */,
				09533BFE2104F41E00E1371B /* Release */,
			);
			defaultConfigurationIsVisible = 0;
			defaultConfigurationName = Release;
		};
		09533BFF2104F41E00E1371B /* Build configuration list for PBXNativeTarget "TestServer" */ = {
			isa = XCConfigurationList;
			buildConfigurations = (
				09533C002104F41E00E1371B /* Debug */,
				09533C012104F41E00E1371B /* Release */,
			);
			defaultConfigurationIsVisible = 0;
			defaultConfigurationName = Release;
		};
/* End XCConfigurationList section */
	};
	rootObject = 09533BE32104F41D00E1371B /* Project object */;
}
